// !$*UTF8*$!
{
	archiveVersion = 1;
	classes = {
	};
	objectVersion = 56;
	objects = {

/* Begin PBXBuildFile section */
		AF27ECB52BF795C3006D7D6C /* RelenbandoNotifications Watch App.app in Embed Watch Content */ = {isa = PBXBuildFile; fileRef = AF27ECB42BF795C3006D7D6C /* RelenbandoNotifications Watch App.app */; settings = {ATTRIBUTES = (RemoveHeadersOnCopy, ); }; };
		AF27ECBA2BF795C3006D7D6C /* RelenbandoNotificationsApp.swift in Sources */ = {isa = PBXBuildFile; fileRef = AF27ECB92BF795C3006D7D6C /* RelenbandoNotificationsApp.swift */; };
		AF27ECBC2BF795C3006D7D6C /* ContentView.swift in Sources */ = {isa = PBXBuildFile; fileRef = AF27ECBB2BF795C3006D7D6C /* ContentView.swift */; };
		AF27ECBE2BF795C5006D7D6C /* Assets.xcassets in Resources */ = {isa = PBXBuildFile; fileRef = AF27ECBD2BF795C5006D7D6C /* Assets.xcassets */; };
		AF27ECC12BF795C5006D7D6C /* Preview Assets.xcassets in Resources */ = {isa = PBXBuildFile; fileRef = AF27ECC02BF795C5006D7D6C /* Preview Assets.xcassets */; };
		AF27ECCC2BF79C40006D7D6C /* HealthKitTeste.swift in Sources */ = {isa = PBXBuildFile; fileRef = AF27ECCB2BF79C40006D7D6C /* HealthKitTeste.swift */; };
/* End PBXBuildFile section */

/* Begin PBXContainerItemProxy section */
		AF27ECB62BF795C3006D7D6C /* PBXContainerItemProxy */ = {
			isa = PBXContainerItemProxy;
			containerPortal = AF27ECA82BF795C2006D7D6C /* Project object */;
			proxyType = 1;
			remoteGlobalIDString = AF27ECB32BF795C3006D7D6C;
			remoteInfo = "RelenbandoNotifications Watch App";
		};
/* End PBXContainerItemProxy section */

/* Begin PBXCopyFilesBuildPhase section */
		AF27ECC72BF795C5006D7D6C /* Embed Watch Content */ = {
			isa = PBXCopyFilesBuildPhase;
			buildActionMask = 2147483647;
			dstPath = "$(CONTENTS_FOLDER_PATH)/Watch";
			dstSubfolderSpec = 16;
			files = (
				AF27ECB52BF795C3006D7D6C /* RelenbandoNotifications Watch App.app in Embed Watch Content */,
			);
			name = "Embed Watch Content";
			runOnlyForDeploymentPostprocessing = 0;
		};
/* End PBXCopyFilesBuildPhase section */

/* Begin PBXFileReference section */
		AF27ECAE2BF795C3006D7D6C /* RelenbandoNotifications.app */ = {isa = PBXFileReference; explicitFileType = wrapper.application; includeInIndex = 0; path = RelenbandoNotifications.app; sourceTree = BUILT_PRODUCTS_DIR; };
		AF27ECB42BF795C3006D7D6C /* RelenbandoNotifications Watch App.app */ = {isa = PBXFileReference; explicitFileType = wrapper.application; includeInIndex = 0; path = "RelenbandoNotifications Watch App.app"; sourceTree = BUILT_PRODUCTS_DIR; };
		AF27ECB92BF795C3006D7D6C /* RelenbandoNotificationsApp.swift */ = {isa = PBXFileReference; lastKnownFileType = sourcecode.swift; path = RelenbandoNotificationsApp.swift; sourceTree = "<group>"; };
		AF27ECBB2BF795C3006D7D6C /* ContentView.swift */ = {isa = PBXFileReference; lastKnownFileType = sourcecode.swift; path = ContentView.swift; sourceTree = "<group>"; };
		AF27ECBD2BF795C5006D7D6C /* Assets.xcassets */ = {isa = PBXFileReference; lastKnownFileType = folder.assetcatalog; path = Assets.xcassets; sourceTree = "<group>"; };
		AF27ECC02BF795C5006D7D6C /* Preview Assets.xcassets */ = {isa = PBXFileReference; lastKnownFileType = folder.assetcatalog; path = "Preview Assets.xcassets"; sourceTree = "<group>"; };
		AF27ECCB2BF79C40006D7D6C /* HealthKitTeste.swift */ = {isa = PBXFileReference; lastKnownFileType = sourcecode.swift; path = HealthKitTeste.swift; sourceTree = "<group>"; };
/* End PBXFileReference section */

/* Begin PBXFrameworksBuildPhase section */
		AF27ECB12BF795C3006D7D6C /* Frameworks */ = {
			isa = PBXFrameworksBuildPhase;
			buildActionMask = 2147483647;
			files = (
			);
			runOnlyForDeploymentPostprocessing = 0;
		};
/* End PBXFrameworksBuildPhase section */

/* Begin PBXGroup section */
		AF27ECA72BF795C2006D7D6C = {
			isa = PBXGroup;
			children = (
				AF27ECB82BF795C3006D7D6C /* RelenbandoNotifications Watch App */,
				AF27ECAF2BF795C3006D7D6C /* Products */,
			);
			sourceTree = "<group>";
		};
		AF27ECAF2BF795C3006D7D6C /* Products */ = {
			isa = PBXGroup;
			children = (
				AF27ECAE2BF795C3006D7D6C /* RelenbandoNotifications.app */,
				AF27ECB42BF795C3006D7D6C /* RelenbandoNotifications Watch App.app */,
			);
			name = Products;
			sourceTree = "<group>";
		};
		AF27ECB82BF795C3006D7D6C /* RelenbandoNotifications Watch App */ = {
			isa = PBXGroup;
			children = (
				AF27ECB92BF795C3006D7D6C /* RelenbandoNotificationsApp.swift */,
				AF27ECBB2BF795C3006D7D6C /* ContentView.swift */,
				AF27ECCB2BF79C40006D7D6C /* HealthKitTeste.swift */,
				AF27ECBD2BF795C5006D7D6C /* Assets.xcassets */,
				AF27ECBF2BF795C5006D7D6C /* Preview Content */,
			);
			path = "RelenbandoNotifications Watch App";
			sourceTree = "<group>";
		};
		AF27ECBF2BF795C5006D7D6C /* Preview Content */ = {
			isa = PBXGroup;
			children = (
				AF27ECC02BF795C5006D7D6C /* Preview Assets.xcassets */,
			);
			path = "Preview Content";
			sourceTree = "<group>";
		};
/* End PBXGroup section */

/* Begin PBXNativeTarget section */
		AF27ECAD2BF795C3006D7D6C /* RelenbandoNotifications */ = {
			isa = PBXNativeTarget;
			buildConfigurationList = AF27ECC82BF795C5006D7D6C /* Build configuration list for PBXNativeTarget "RelenbandoNotifications" */;
			buildPhases = (
				AF27ECAC2BF795C3006D7D6C /* Resources */,
				AF27ECC72BF795C5006D7D6C /* Embed Watch Content */,
			);
			buildRules = (
			);
			dependencies = (
				AF27ECB72BF795C3006D7D6C /* PBXTargetDependency */,
			);
			name = RelenbandoNotifications;
			productName = RelenbandoNotifications;
			productReference = AF27ECAE2BF795C3006D7D6C /* RelenbandoNotifications.app */;
			productType = "com.apple.product-type.application.watchapp2-container";
		};
		AF27ECB32BF795C3006D7D6C /* RelenbandoNotifications Watch App */ = {
			isa = PBXNativeTarget;
			buildConfigurationList = AF27ECC42BF795C5006D7D6C /* Build configuration list for PBXNativeTarget "RelenbandoNotifications Watch App" */;
			buildPhases = (
				AF27ECB02BF795C3006D7D6C /* Sources */,
				AF27ECB12BF795C3006D7D6C /* Frameworks */,
				AF27ECB22BF795C3006D7D6C /* Resources */,
			);
			buildRules = (
			);
			dependencies = (
			);
			name = "RelenbandoNotifications Watch App";
			productName = "RelenbandoNotifications Watch App";
			productReference = AF27ECB42BF795C3006D7D6C /* RelenbandoNotifications Watch App.app */;
			productType = "com.apple.product-type.application";
		};
/* End PBXNativeTarget section */

/* Begin PBXProject section */
		AF27ECA82BF795C2006D7D6C /* Project object */ = {
			isa = PBXProject;
			attributes = {
				BuildIndependentTargetsInParallel = 1;
				LastSwiftUpdateCheck = 1530;
				LastUpgradeCheck = 1530;
				TargetAttributes = {
					AF27ECAD2BF795C3006D7D6C = {
						CreatedOnToolsVersion = 15.3;
					};
					AF27ECB32BF795C3006D7D6C = {
						CreatedOnToolsVersion = 15.3;
					};
				};
			};
			buildConfigurationList = AF27ECAB2BF795C2006D7D6C /* Build configuration list for PBXProject "RelenbandoNotifications" */;
			compatibilityVersion = "Xcode 14.0";
			developmentRegion = en;
			hasScannedForEncodings = 0;
			knownRegions = (
				en,
				Base,
			);
			mainGroup = AF27ECA72BF795C2006D7D6C;
			productRefGroup = AF27ECAF2BF795C3006D7D6C /* Products */;
			projectDirPath = "";
			projectRoot = "";
			targets = (
				AF27ECAD2BF795C3006D7D6C /* RelenbandoNotifications */,
				AF27ECB32BF795C3006D7D6C /* RelenbandoNotifications Watch App */,
			);
		};
/* End PBXProject section */

/* Begin PBXResourcesBuildPhase section */
		AF27ECAC2BF795C3006D7D6C /* Resources */ = {
			isa = PBXResourcesBuildPhase;
			buildActionMask = 2147483647;
			files = (
			);
			runOnlyForDeploymentPostprocessing = 0;
		};
		AF27ECB22BF795C3006D7D6C /* Resources */ = {
			isa = PBXResourcesBuildPhase;
			buildActionMask = 2147483647;
			files = (
				AF27ECC12BF795C5006D7D6C /* Preview Assets.xcassets in Resources */,
				AF27ECBE2BF795C5006D7D6C /* Assets.xcassets in Resources */,
			);
			runOnlyForDeploymentPostprocessing = 0;
		};
/* End PBXResourcesBuildPhase section */

/* Begin PBXSourcesBuildPhase section */
		AF27ECB02BF795C3006D7D6C /* Sources */ = {
			isa = PBXSourcesBuildPhase;
			buildActionMask = 2147483647;
			files = (
				AF27ECCC2BF79C40006D7D6C /* HealthKitTeste.swift in Sources */,
				AF27ECBC2BF795C3006D7D6C /* ContentView.swift in Sources */,
				AF27ECBA2BF795C3006D7D6C /* RelenbandoNotificationsApp.swift in Sources */,
			);
			runOnlyForDeploymentPostprocessing = 0;
		};
/* End PBXSourcesBuildPhase section */

/* Begin PBXTargetDependency section */
		AF27ECB72BF795C3006D7D6C /* PBXTargetDependency */ = {
			isa = PBXTargetDependency;
			target = AF27ECB32BF795C3006D7D6C /* RelenbandoNotifications Watch App */;
			targetProxy = AF27ECB62BF795C3006D7D6C /* PBXContainerItemProxy */;
		};
/* End PBXTargetDependency section */

/* Begin XCBuildConfiguration section */
		AF27ECC22BF795C5006D7D6C /* Debug */ = {
			isa = XCBuildConfiguration;
			buildSettings = {
				ALWAYS_SEARCH_USER_PATHS = NO;
				ASSETCATALOG_COMPILER_GENERATE_SWIFT_ASSET_SYMBOL_EXTENSIONS = YES;
				CLANG_ANALYZER_NONNULL = YES;
				CLANG_ANALYZER_NUMBER_OBJECT_CONVERSION = YES_AGGRESSIVE;
				CLANG_CXX_LANGUAGE_STANDARD = "gnu++20";
				CLANG_ENABLE_MODULES = YES;
				CLANG_ENABLE_OBJC_ARC = YES;
				CLANG_ENABLE_OBJC_WEAK = YES;
				CLANG_WARN_BLOCK_CAPTURE_AUTORELEASING = YES;
				CLANG_WARN_BOOL_CONVERSION = YES;
				CLANG_WARN_COMMA = YES;
				CLANG_WARN_CONSTANT_CONVERSION = YES;
				CLANG_WARN_DEPRECATED_OBJC_IMPLEMENTATIONS = YES;
				CLANG_WARN_DIRECT_OBJC_ISA_USAGE = YES_ERROR;
				CLANG_WARN_DOCUMENTATION_COMMENTS = YES;
				CLANG_WARN_EMPTY_BODY = YES;
				CLANG_WARN_ENUM_CONVERSION = YES;
				CLANG_WARN_INFINITE_RECURSION = YES;
				CLANG_WARN_INT_CONVERSION = YES;
				CLANG_WARN_NON_LITERAL_NULL_CONVERSION = YES;
				CLANG_WARN_OBJC_IMPLICIT_RETAIN_SELF = YES;
				CLANG_WARN_OBJC_LITERAL_CONVERSION = YES;
				CLANG_WARN_OBJC_ROOT_CLASS = YES_ERROR;
				CLANG_WARN_QUOTED_INCLUDE_IN_FRAMEWORK_HEADER = YES;
				CLANG_WARN_RANGE_LOOP_ANALYSIS = YES;
				CLANG_WARN_STRICT_PROTOTYPES = YES;
				CLANG_WARN_SUSPICIOUS_MOVE = YES;
				CLANG_WARN_UNGUARDED_AVAILABILITY = YES_AGGRESSIVE;
				CLANG_WARN_UNREACHABLE_CODE = YES;
				CLANG_WARN__DUPLICATE_METHOD_MATCH = YES;
				COPY_PHASE_STRIP = NO;
				DEBUG_INFORMATION_FORMAT = dwarf;
				ENABLE_STRICT_OBJC_MSGSEND = YES;
				ENABLE_TESTABILITY = YES;
				ENABLE_USER_SCRIPT_SANDBOXING = YES;
				GCC_C_LANGUAGE_STANDARD = gnu17;
				GCC_DYNAMIC_NO_PIC = NO;
				GCC_NO_COMMON_BLOCKS = YES;
				GCC_OPTIMIZATION_LEVEL = 0;
				GCC_PREPROCESSOR_DEFINITIONS = (
					"DEBUG=1",
					"$(inherited)",
				);
				GCC_WARN_64_TO_32_BIT_CONVERSION = YES;
				GCC_WARN_ABOUT_RETURN_TYPE = YES_ERROR;
				GCC_WARN_UNDECLARED_SELECTOR = YES;
				GCC_WARN_UNINITIALIZED_AUTOS = YES_AGGRESSIVE;
				GCC_WARN_UNUSED_FUNCTION = YES;
				GCC_WARN_UNUSED_VARIABLE = YES;
				LOCALIZATION_PREFERS_STRING_CATALOGS = YES;
				MTL_ENABLE_DEBUG_INFO = INCLUDE_SOURCE;
				MTL_FAST_MATH = YES;
				ONLY_ACTIVE_ARCH = YES;
				SWIFT_ACTIVE_COMPILATION_CONDITIONS = "DEBUG $(inherited)";
				SWIFT_OPTIMIZATION_LEVEL = "-Onone";
			};
			name = Debug;
		};
		AF27ECC32BF795C5006D7D6C /* Release */ = {
			isa = XCBuildConfiguration;
			buildSettings = {
				ALWAYS_SEARCH_USER_PATHS = NO;
				ASSETCATALOG_COMPILER_GENERATE_SWIFT_ASSET_SYMBOL_EXTENSIONS = YES;
				CLANG_ANALYZER_NONNULL = YES;
				CLANG_ANALYZER_NUMBER_OBJECT_CONVERSION = YES_AGGRESSIVE;
				CLANG_CXX_LANGUAGE_STANDARD = "gnu++20";
				CLANG_ENABLE_MODULES = YES;
				CLANG_ENABLE_OBJC_ARC = YES;
				CLANG_ENABLE_OBJC_WEAK = YES;
				CLANG_WARN_BLOCK_CAPTURE_AUTORELEASING = YES;
				CLANG_WARN_BOOL_CONVERSION = YES;
				CLANG_WARN_COMMA = YES;
				CLANG_WARN_CONSTANT_CONVERSION = YES;
				CLANG_WARN_DEPRECATED_OBJC_IMPLEMENTATIONS = YES;
				CLANG_WARN_DIRECT_OBJC_ISA_USAGE = YES_ERROR;
				CLANG_WARN_DOCUMENTATION_COMMENTS = YES;
				CLANG_WARN_EMPTY_BODY = YES;
				CLANG_WARN_ENUM_CONVERSION = YES;
				CLANG_WARN_INFINITE_RECURSION = YES;
				CLANG_WARN_INT_CONVERSION = YES;
				CLANG_WARN_NON_LITERAL_NULL_CONVERSION = YES;
				CLANG_WARN_OBJC_IMPLICIT_RETAIN_SELF = YES;
				CLANG_WARN_OBJC_LITERAL_CONVERSION = YES;
				CLANG_WARN_OBJC_ROOT_CLASS = YES_ERROR;
				CLANG_WARN_QUOTED_INCLUDE_IN_FRAMEWORK_HEADER = YES;
				CLANG_WARN_RANGE_LOOP_ANALYSIS = YES;
				CLANG_WARN_STRICT_PROTOTYPES = YES;
				CLANG_WARN_SUSPICIOUS_MOVE = YES;
				CLANG_WARN_UNGUARDED_AVAILABILITY = YES_AGGRESSIVE;
				CLANG_WARN_UNREACHABLE_CODE = YES;
				CLANG_WARN__DUPLICATE_METHOD_MATCH = YES;
				COPY_PHASE_STRIP = NO;
				DEBUG_INFORMATION_FORMAT = "dwarf-with-dsym";
				ENABLE_NS_ASSERTIONS = NO;
				ENABLE_STRICT_OBJC_MSGSEND = YES;
				ENABLE_USER_SCRIPT_SANDBOXING = YES;
				GCC_C_LANGUAGE_STANDARD = gnu17;
				GCC_NO_COMMON_BLOCKS = YES;
				GCC_WARN_64_TO_32_BIT_CONVERSION = YES;
				GCC_WARN_ABOUT_RETURN_TYPE = YES_ERROR;
				GCC_WARN_UNDECLARED_SELECTOR = YES;
				GCC_WARN_UNINITIALIZED_AUTOS = YES_AGGRESSIVE;
				GCC_WARN_UNUSED_FUNCTION = YES;
				GCC_WARN_UNUSED_VARIABLE = YES;
				LOCALIZATION_PREFERS_STRING_CATALOGS = YES;
				MTL_ENABLE_DEBUG_INFO = NO;
				MTL_FAST_MATH = YES;
				SWIFT_COMPILATION_MODE = wholemodule;
			};
			name = Release;
		};
		AF27ECC52BF795C5006D7D6C /* Debug */ = {
			isa = XCBuildConfiguration;
			buildSettings = {
				ASSETCATALOG_COMPILER_APPICON_NAME = AppIcon;
				ASSETCATALOG_COMPILER_GLOBAL_ACCENT_COLOR_NAME = AccentColor;
				CODE_SIGN_STYLE = Automatic;
				CURRENT_PROJECT_VERSION = 1;
				DEVELOPMENT_ASSET_PATHS = "\"RelenbandoNotifications Watch App/Preview Content\"";
				DEVELOPMENT_TEAM = 5Y55P884H9;
				ENABLE_PREVIEWS = YES;
				GENERATE_INFOPLIST_FILE = YES;
				INFOPLIST_KEY_CFBundleDisplayName = RelenbandoNotifications;
				INFOPLIST_KEY_UISupportedInterfaceOrientations = "UIInterfaceOrientationPortrait UIInterfaceOrientationPortraitUpsideDown";
				INFOPLIST_KEY_WKWatchOnly = YES;
				LD_RUNPATH_SEARCH_PATHS = (
					"$(inherited)",
					"@executable_path/Frameworks",
				);
				MARKETING_VERSION = 1.0;
				PRODUCT_BUNDLE_IDENTIFIER = FirstProject.RelenbandoNotifications.watchkitapp;
				PRODUCT_NAME = "$(TARGET_NAME)";
				SDKROOT = watchos;
				SKIP_INSTALL = YES;
				SWIFT_EMIT_LOC_STRINGS = YES;
				SWIFT_VERSION = 5.0;
				TARGETED_DEVICE_FAMILY = 4;
				WATCHOS_DEPLOYMENT_TARGET = 10.4;
			};
			name = Debug;
		};
		AF27ECC62BF795C5006D7D6C /* Release */ = {
			isa = XCBuildConfiguration;
			buildSettings = {
				ASSETCATALOG_COMPILER_APPICON_NAME = AppIcon;
				ASSETCATALOG_COMPILER_GLOBAL_ACCENT_COLOR_NAME = AccentColor;
				CODE_SIGN_STYLE = Automatic;
				CURRENT_PROJECT_VERSION = 1;
				DEVELOPMENT_ASSET_PATHS = "\"RelenbandoNotifications Watch App/Preview Content\"";
				DEVELOPMENT_TEAM = 5Y55P884H9;
				ENABLE_PREVIEWS = YES;
				GENERATE_INFOPLIST_FILE = YES;
				INFOPLIST_KEY_CFBundleDisplayName = RelenbandoNotifications;
				INFOPLIST_KEY_UISupportedInterfaceOrientations = "UIInterfaceOrientationPortrait UIInterfaceOrientationPortraitUpsideDown";
				INFOPLIST_KEY_WKWatchOnly = YES;
				LD_RUNPATH_SEARCH_PATHS = (
					"$(inherited)",
					"@executable_path/Frameworks",
				);
				MARKETING_VERSION = 1.0;
				PRODUCT_BUNDLE_IDENTIFIER = FirstProject.RelenbandoNotifications.watchkitapp;
				PRODUCT_NAME = "$(TARGET_NAME)";
				SDKROOT = watchos;
				SKIP_INSTALL = YES;
				SWIFT_EMIT_LOC_STRINGS = YES;
				SWIFT_VERSION = 5.0;
				TARGETED_DEVICE_FAMILY = 4;
				VALIDATE_PRODUCT = YES;
				WATCHOS_DEPLOYMENT_TARGET = 10.4;
			};
			name = Release;
		};
		AF27ECC92BF795C5006D7D6C /* Debug */ = {
			isa = XCBuildConfiguration;
			buildSettings = {
				ALWAYS_EMBED_SWIFT_STANDARD_LIBRARIES = YES;
				CODE_SIGN_STYLE = Automatic;
				CURRENT_PROJECT_VERSION = 1;
				DEVELOPMENT_TEAM = 5Y55P884H9;
				INFOPLIST_KEY_CFBundleDisplayName = RelenbandoNotifications;
				MARKETING_VERSION = 1.0;
				PRODUCT_BUNDLE_IDENTIFIER = FirstProject.RelenbandoNotifications;
				PRODUCT_NAME = "$(TARGET_NAME)";
				SDKROOT = iphoneos;
				SWIFT_VERSION = 5.0;
			};
			name = Debug;
		};
		AF27ECCA2BF795C5006D7D6C /* Release */ = {
			isa = XCBuildConfiguration;
			buildSettings = {
				ALWAYS_EMBED_SWIFT_STANDARD_LIBRARIES = YES;
				CODE_SIGN_STYLE = Automatic;
				CURRENT_PROJECT_VERSION = 1;
				DEVELOPMENT_TEAM = 5Y55P884H9;
				INFOPLIST_KEY_CFBundleDisplayName = RelenbandoNotifications;
				MARKETING_VERSION = 1.0;
				PRODUCT_BUNDLE_IDENTIFIER = FirstProject.RelenbandoNotifications;
				PRODUCT_NAME = "$(TARGET_NAME)";
				SDKROOT = iphoneos;
				SWIFT_VERSION = 5.0;
				VALIDATE_PRODUCT = YES;
			};
			name = Release;
		};
/* End XCBuildConfiguration section */

/* Begin XCConfigurationList section */
		AF27ECAB2BF795C2006D7D6C /* Build configuration list for PBXProject "RelenbandoNotifications" */ = {
			isa = XCConfigurationList;
			buildConfigurations = (
				AF27ECC22BF795C5006D7D6C /* Debug */,
				AF27ECC32BF795C5006D7D6C /* Release */,
			);
			defaultConfigurationIsVisible = 0;
			defaultConfigurationName = Release;
		};
		AF27ECC42BF795C5006D7D6C /* Build configuration list for PBXNativeTarget "RelenbandoNotifications Watch App" */ = {
			isa = XCConfigurationList;
			buildConfigurations = (
				AF27ECC52BF795C5006D7D6C /* Debug */,
				AF27ECC62BF795C5006D7D6C /* Release */,
			);
			defaultConfigurationIsVisible = 0;
			defaultConfigurationName = Release;
		};
		AF27ECC82BF795C5006D7D6C /* Build configuration list for PBXNativeTarget "RelenbandoNotifications" */ = {
			isa = XCConfigurationList;
			buildConfigurations = (
				AF27ECC92BF795C5006D7D6C /* Debug */,
				AF27ECCA2BF795C5006D7D6C /* Release */,
			);
			defaultConfigurationIsVisible = 0;
			defaultConfigurationName = Release;
		};
/* End XCConfigurationList section */
	};
	rootObject = AF27ECA82BF795C2006D7D6C /* Project object */;
}
