// !$*UTF8*$!
{
	archiveVersion = 1;
	classes = {
	};
	objectVersion = 56;
	objects = {

/* Begin PBXBuildFile section */
		AF5E9A382BF28E23008AA3DA /* HealthKitParaAprenderSegundaTentativaApp.swift in Sources */ = {isa = PBXBuildFile; fileRef = AF5E9A372BF28E23008AA3DA /* HealthKitParaAprenderSegundaTentativaApp.swift */; };
		AF5E9A3A2BF28E23008AA3DA /* ContentView.swift in Sources */ = {isa = PBXBuildFile; fileRef = AF5E9A392BF28E23008AA3DA /* ContentView.swift */; };
		AF5E9A3C2BF28E25008AA3DA /* Assets.xcassets in Resources */ = {isa = PBXBuildFile; fileRef = AF5E9A3B2BF28E25008AA3DA /* Assets.xcassets */; };
		AF5E9A3F2BF28E25008AA3DA /* Preview Assets.xcassets in Resources */ = {isa = PBXBuildFile; fileRef = AF5E9A3E2BF28E25008AA3DA /* Preview Assets.xcassets */; };
		AF5E9A462BF2975A008AA3DA /* BeActivTabView.swift in Sources */ = {isa = PBXBuildFile; fileRef = AF5E9A452BF2975A008AA3DA /* BeActivTabView.swift */; };
		AF5E9A482BF297E7008AA3DA /* HomeView.swift in Sources */ = {isa = PBXBuildFile; fileRef = AF5E9A472BF297E7008AA3DA /* HomeView.swift */; };
		AF5E9A4A2BF2983A008AA3DA /* ActivityCard.swift in Sources */ = {isa = PBXBuildFile; fileRef = AF5E9A492BF2983A008AA3DA /* ActivityCard.swift */; };
		AF5E9A4C2BF29A1C008AA3DA /* HealthManager.swift in Sources */ = {isa = PBXBuildFile; fileRef = AF5E9A4B2BF29A1C008AA3DA /* HealthManager.swift */; };
/* End PBXBuildFile section */

/* Begin PBXFileReference section */
		AF5E9A342BF28E23008AA3DA /* HealthKitParaAprenderSegundaTentativa.app */ = {isa = PBXFileReference; explicitFileType = wrapper.application; includeInIndex = 0; path = HealthKitParaAprenderSegundaTentativa.app; sourceTree = BUILT_PRODUCTS_DIR; };
		AF5E9A372BF28E23008AA3DA /* HealthKitParaAprenderSegundaTentativaApp.swift */ = {isa = PBXFileReference; lastKnownFileType = sourcecode.swift; path = HealthKitParaAprenderSegundaTentativaApp.swift; sourceTree = "<group>"; };
		AF5E9A392BF28E23008AA3DA /* ContentView.swift */ = {isa = PBXFileReference; lastKnownFileType = sourcecode.swift; path = ContentView.swift; sourceTree = "<group>"; };
		AF5E9A3B2BF28E25008AA3DA /* Assets.xcassets */ = {isa = PBXFileReference; lastKnownFileType = folder.assetcatalog; path = Assets.xcassets; sourceTree = "<group>"; };
		AF5E9A3E2BF28E25008AA3DA /* Preview Assets.xcassets */ = {isa = PBXFileReference; lastKnownFileType = folder.assetcatalog; path = "Preview Assets.xcassets"; sourceTree = "<group>"; };
		AF5E9A452BF2975A008AA3DA /* BeActivTabView.swift */ = {isa = PBXFileReference; lastKnownFileType = sourcecode.swift; path = BeActivTabView.swift; sourceTree = "<group>"; };
		AF5E9A472BF297E7008AA3DA /* HomeView.swift */ = {isa = PBXFileReference; lastKnownFileType = sourcecode.swift; path = HomeView.swift; sourceTree = "<group>"; };
		AF5E9A492BF2983A008AA3DA /* ActivityCard.swift */ = {isa = PBXFileReference; lastKnownFileType = sourcecode.swift; path = ActivityCard.swift; sourceTree = "<group>"; };
		AF5E9A4B2BF29A1C008AA3DA /* HealthManager.swift */ = {isa = PBXFileReference; lastKnownFileType = sourcecode.swift; path = HealthManager.swift; sourceTree = "<group>"; };
		AF5E9A4D2BF38E3B008AA3DA /* HealthKitParaAprenderSegundaTentativa.entitlements */ = {isa = PBXFileReference; lastKnownFileType = text.plist.entitlements; path = HealthKitParaAprenderSegundaTentativa.entitlements; sourceTree = "<group>"; };
/* End PBXFileReference section */

/* Begin PBXFrameworksBuildPhase section */
		AF5E9A312BF28E23008AA3DA /* Frameworks */ = {
			isa = PBXFrameworksBuildPhase;
			buildActionMask = 2147483647;
			files = (
			);
			runOnlyForDeploymentPostprocessing = 0;
		};
/* End PBXFrameworksBuildPhase section */

/* Begin PBXGroup section */
		AF5E9A2B2BF28E23008AA3DA = {
			isa = PBXGroup;
			children = (
				AF5E9A362BF28E23008AA3DA /* HealthKitParaAprenderSegundaTentativa */,
				AF5E9A352BF28E23008AA3DA /* Products */,
			);
			sourceTree = "<group>";
		};
		AF5E9A352BF28E23008AA3DA /* Products */ = {
			isa = PBXGroup;
			children = (
				AF5E9A342BF28E23008AA3DA /* HealthKitParaAprenderSegundaTentativa.app */,
			);
			name = Products;
			sourceTree = "<group>";
		};
		AF5E9A362BF28E23008AA3DA /* HealthKitParaAprenderSegundaTentativa */ = {
			isa = PBXGroup;
			children = (
				AF5E9A4D2BF38E3B008AA3DA /* HealthKitParaAprenderSegundaTentativa.entitlements */,
				AF5E9A372BF28E23008AA3DA /* HealthKitParaAprenderSegundaTentativaApp.swift */,
				AF5E9A392BF28E23008AA3DA /* ContentView.swift */,
				AF5E9A452BF2975A008AA3DA /* BeActivTabView.swift */,
				AF5E9A492BF2983A008AA3DA /* ActivityCard.swift */,
				AF5E9A4B2BF29A1C008AA3DA /* HealthManager.swift */,
				AF5E9A472BF297E7008AA3DA /* HomeView.swift */,
				AF5E9A3B2BF28E25008AA3DA /* Assets.xcassets */,
				AF5E9A3D2BF28E25008AA3DA /* Preview Content */,
			);
			path = HealthKitParaAprenderSegundaTentativa;
			sourceTree = "<group>";
		};
		AF5E9A3D2BF28E25008AA3DA /* Preview Content */ = {
			isa = PBXGroup;
			children = (
				AF5E9A3E2BF28E25008AA3DA /* Preview Assets.xcassets */,
			);
			path = "Preview Content";
			sourceTree = "<group>";
		};
/* End PBXGroup section */

/* Begin PBXNativeTarget section */
		AF5E9A332BF28E23008AA3DA /* HealthKitParaAprenderSegundaTentativa */ = {
			isa = PBXNativeTarget;
			buildConfigurationList = AF5E9A422BF28E25008AA3DA /* Build configuration list for PBXNativeTarget "HealthKitParaAprenderSegundaTentativa" */;
			buildPhases = (
				AF5E9A302BF28E23008AA3DA /* Sources */,
				AF5E9A312BF28E23008AA3DA /* Frameworks */,
				AF5E9A322BF28E23008AA3DA /* Resources */,
			);
			buildRules = (
			);
			dependencies = (
			);
			name = HealthKitParaAprenderSegundaTentativa;
			productName = HealthKitParaAprenderSegundaTentativa;
			productReference = AF5E9A342BF28E23008AA3DA /* HealthKitParaAprenderSegundaTentativa.app */;
			productType = "com.apple.product-type.application";
		};
/* End PBXNativeTarget section */

/* Begin PBXProject section */
		AF5E9A2C2BF28E23008AA3DA /* Project object */ = {
			isa = PBXProject;
			attributes = {
				BuildIndependentTargetsInParallel = 1;
				KnownAssetTags = (
					New,
				);
				LastSwiftUpdateCheck = 1530;
				LastUpgradeCheck = 1530;
				TargetAttributes = {
					AF5E9A332BF28E23008AA3DA = {
						CreatedOnToolsVersion = 15.3;
					};
				};
			};
			buildConfigurationList = AF5E9A2F2BF28E23008AA3DA /* Build configuration list for PBXProject "HealthKitParaAprenderSegundaTentativa" */;
			compatibilityVersion = "Xcode 14.0";
			developmentRegion = en;
			hasScannedForEncodings = 0;
			knownRegions = (
				en,
				Base,
			);
			mainGroup = AF5E9A2B2BF28E23008AA3DA;
			productRefGroup = AF5E9A352BF28E23008AA3DA /* Products */;
			projectDirPath = "";
			projectRoot = "";
			targets = (
				AF5E9A332BF28E23008AA3DA /* HealthKitParaAprenderSegundaTentativa */,
			);
		};
/* End PBXProject section */

/* Begin PBXResourcesBuildPhase section */
		AF5E9A322BF28E23008AA3DA /* Resources */ = {
			isa = PBXResourcesBuildPhase;
			buildActionMask = 2147483647;
			files = (
				AF5E9A3F2BF28E25008AA3DA /* Preview Assets.xcassets in Resources */,
				AF5E9A3C2BF28E25008AA3DA /* Assets.xcassets in Resources */,
			);
			runOnlyForDeploymentPostprocessing = 0;
		};
/* End PBXResourcesBuildPhase section */

/* Begin PBXSourcesBuildPhase section */
		AF5E9A302BF28E23008AA3DA /* Sources */ = {
			isa = PBXSourcesBuildPhase;
			buildActionMask = 2147483647;
			files = (
				AF5E9A3A2BF28E23008AA3DA /* ContentView.swift in Sources */,
				AF5E9A4C2BF29A1C008AA3DA /* HealthManager.swift in Sources */,
				AF5E9A482BF297E7008AA3DA /* HomeView.swift in Sources */,
				AF5E9A462BF2975A008AA3DA /* BeActivTabView.swift in Sources */,
				AF5E9A382BF28E23008AA3DA /* HealthKitParaAprenderSegundaTentativaApp.swift in Sources */,
				AF5E9A4A2BF2983A008AA3DA /* ActivityCard.swift in Sources */,
			);
			runOnlyForDeploymentPostprocessing = 0;
		};
/* End PBXSourcesBuildPhase section */

/* Begin XCBuildConfiguration section */
		AF5E9A402BF28E25008AA3DA /* Debug */ = {
			isa = XCBuildConfiguration;
			buildSettings = {
				ALWAYS_SEARCH_USER_PATHS = NO;
				ASSETCATALOG_COMPILER_GENERATE_SWIFT_ASSET_SYMBOL_EXTENSIONS = YES;
				CLANG_ANALYZER_NONNULL = YES;
				CLANG_ANALYZER_NUMBER_OBJECT_CONVERSION = YES_AGGRESSIVE;
				CLANG_CXX_LANGUAGE_STANDARD = "gnu++20";
				CLANG_ENABLE_MODULES = YES;
				CLANG_ENABLE_OBJC_ARC = YES;
				CLANG_ENABLE_OBJC_WEAK = YES;
				CLANG_WARN_BLOCK_CAPTURE_AUTORELEASING = YES;
				CLANG_WARN_BOOL_CONVERSION = YES;
				CLANG_WARN_COMMA = YES;
				CLANG_WARN_CONSTANT_CONVERSION = YES;
				CLANG_WARN_DEPRECATED_OBJC_IMPLEMENTATIONS = YES;
				CLANG_WARN_DIRECT_OBJC_ISA_USAGE = YES_ERROR;
				CLANG_WARN_DOCUMENTATION_COMMENTS = YES;
				CLANG_WARN_EMPTY_BODY = YES;
				CLANG_WARN_ENUM_CONVERSION = YES;
				CLANG_WARN_INFINITE_RECURSION = YES;
				CLANG_WARN_INT_CONVERSION = YES;
				CLANG_WARN_NON_LITERAL_NULL_CONVERSION = YES;
				CLANG_WARN_OBJC_IMPLICIT_RETAIN_SELF = YES;
				CLANG_WARN_OBJC_LITERAL_CONVERSION = YES;
				CLANG_WARN_OBJC_ROOT_CLASS = YES_ERROR;
				CLANG_WARN_QUOTED_INCLUDE_IN_FRAMEWORK_HEADER = YES;
				CLANG_WARN_RANGE_LOOP_ANALYSIS = YES;
				CLANG_WARN_STRICT_PROTOTYPES = YES;
				CLANG_WARN_SUSPICIOUS_MOVE = YES;
				CLANG_WARN_UNGUARDED_AVAILABILITY = YES_AGGRESSIVE;
				CLANG_WARN_UNREACHABLE_CODE = YES;
				CLANG_WARN__DUPLICATE_METHOD_MATCH = YES;
				COPY_PHASE_STRIP = NO;
				DEBUG_INFORMATION_FORMAT = dwarf;
				ENABLE_STRICT_OBJC_MSGSEND = YES;
				ENABLE_TESTABILITY = YES;
				ENABLE_USER_SCRIPT_SANDBOXING = YES;
				GCC_C_LANGUAGE_STANDARD = gnu17;
				GCC_DYNAMIC_NO_PIC = NO;
				GCC_NO_COMMON_BLOCKS = YES;
				GCC_OPTIMIZATION_LEVEL = 0;
				GCC_PREPROCESSOR_DEFINITIONS = (
					"DEBUG=1",
					"$(inherited)",
				);
				GCC_WARN_64_TO_32_BIT_CONVERSION = YES;
				GCC_WARN_ABOUT_RETURN_TYPE = YES_ERROR;
				GCC_WARN_UNDECLARED_SELECTOR = YES;
				GCC_WARN_UNINITIALIZED_AUTOS = YES_AGGRESSIVE;
				GCC_WARN_UNUSED_FUNCTION = YES;
				GCC_WARN_UNUSED_VARIABLE = YES;
				IPHONEOS_DEPLOYMENT_TARGET = 17.4;
				LOCALIZATION_PREFERS_STRING_CATALOGS = YES;
				MTL_ENABLE_DEBUG_INFO = INCLUDE_SOURCE;
				MTL_FAST_MATH = YES;
				ONLY_ACTIVE_ARCH = YES;
				SDKROOT = iphoneos;
				SWIFT_ACTIVE_COMPILATION_CONDITIONS = "DEBUG $(inherited)";
				SWIFT_OPTIMIZATION_LEVEL = "-Onone";
			};
			name = Debug;
		};
		AF5E9A412BF28E25008AA3DA /* Release */ = {
			isa = XCBuildConfiguration;
			buildSettings = {
				ALWAYS_SEARCH_USER_PATHS = NO;
				ASSETCATALOG_COMPILER_GENERATE_SWIFT_ASSET_SYMBOL_EXTENSIONS = YES;
				CLANG_ANALYZER_NONNULL = YES;
				CLANG_ANALYZER_NUMBER_OBJECT_CONVERSION = YES_AGGRESSIVE;
				CLANG_CXX_LANGUAGE_STANDARD = "gnu++20";
				CLANG_ENABLE_MODULES = YES;
				CLANG_ENABLE_OBJC_ARC = YES;
				CLANG_ENABLE_OBJC_WEAK = YES;
				CLANG_WARN_BLOCK_CAPTURE_AUTORELEASING = YES;
				CLANG_WARN_BOOL_CONVERSION = YES;
				CLANG_WARN_COMMA = YES;
				CLANG_WARN_CONSTANT_CONVERSION = YES;
				CLANG_WARN_DEPRECATED_OBJC_IMPLEMENTATIONS = YES;
				CLANG_WARN_DIRECT_OBJC_ISA_USAGE = YES_ERROR;
				CLANG_WARN_DOCUMENTATION_COMMENTS = YES;
				CLANG_WARN_EMPTY_BODY = YES;
				CLANG_WARN_ENUM_CONVERSION = YES;
				CLANG_WARN_INFINITE_RECURSION = YES;
				CLANG_WARN_INT_CONVERSION = YES;
				CLANG_WARN_NON_LITERAL_NULL_CONVERSION = YES;
				CLANG_WARN_OBJC_IMPLICIT_RETAIN_SELF = YES;
				CLANG_WARN_OBJC_LITERAL_CONVERSION = YES;
				CLANG_WARN_OBJC_ROOT_CLASS = YES_ERROR;
				CLANG_WARN_QUOTED_INCLUDE_IN_FRAMEWORK_HEADER = YES;
				CLANG_WARN_RANGE_LOOP_ANALYSIS = YES;
				CLANG_WARN_STRICT_PROTOTYPES = YES;
				CLANG_WARN_SUSPICIOUS_MOVE = YES;
				CLANG_WARN_UNGUARDED_AVAILABILITY = YES_AGGRESSIVE;
				CLANG_WARN_UNREACHABLE_CODE = YES;
				CLANG_WARN__DUPLICATE_METHOD_MATCH = YES;
				COPY_PHASE_STRIP = NO;
				DEBUG_INFORMATION_FORMAT = "dwarf-with-dsym";
				ENABLE_NS_ASSERTIONS = NO;
				ENABLE_STRICT_OBJC_MSGSEND = YES;
				ENABLE_USER_SCRIPT_SANDBOXING = YES;
				GCC_C_LANGUAGE_STANDARD = gnu17;
				GCC_NO_COMMON_BLOCKS = YES;
				GCC_WARN_64_TO_32_BIT_CONVERSION = YES;
				GCC_WARN_ABOUT_RETURN_TYPE = YES_ERROR;
				GCC_WARN_UNDECLARED_SELECTOR = YES;
				GCC_WARN_UNINITIALIZED_AUTOS = YES_AGGRESSIVE;
				GCC_WARN_UNUSED_FUNCTION = YES;
				GCC_WARN_UNUSED_VARIABLE = YES;
				IPHONEOS_DEPLOYMENT_TARGET = 17.4;
				LOCALIZATION_PREFERS_STRING_CATALOGS = YES;
				MTL_ENABLE_DEBUG_INFO = NO;
				MTL_FAST_MATH = YES;
				SDKROOT = iphoneos;
				SWIFT_COMPILATION_MODE = wholemodule;
				VALIDATE_PRODUCT = YES;
			};
			name = Release;
		};
		AF5E9A432BF28E25008AA3DA /* Debug */ = {
			isa = XCBuildConfiguration;
			buildSettings = {
				ASSETCATALOG_COMPILER_APPICON_NAME = AppIcon;
				ASSETCATALOG_COMPILER_GLOBAL_ACCENT_COLOR_NAME = AccentColor;
				CODE_SIGN_ENTITLEMENTS = HealthKitParaAprenderSegundaTentativa/HealthKitParaAprenderSegundaTentativa.entitlements;
				CODE_SIGN_STYLE = Automatic;
				CURRENT_PROJECT_VERSION = 1;
				DEVELOPMENT_ASSET_PATHS = "\"HealthKitParaAprenderSegundaTentativa/Preview Content\"";
				DEVELOPMENT_TEAM = 5Y55P884H9;
				ENABLE_PREVIEWS = YES;
				GENERATE_INFOPLIST_FILE = YES;
				INFOPLIST_KEY_NSHealthClinicalHealthRecordsShareUsageDescription = "Deixa usar o healthkit";
				INFOPLIST_KEY_NSHealthShareUsageDescription = "deixa compartilhar o healthkit  fazv or";
				INFOPLIST_KEY_UIApplicationSceneManifest_Generation = YES;
				INFOPLIST_KEY_UIApplicationSupportsIndirectInputEvents = YES;
				INFOPLIST_KEY_UILaunchScreen_Generation = YES;
				INFOPLIST_KEY_UISupportedInterfaceOrientations_iPad = "UIInterfaceOrientationPortrait UIInterfaceOrientationPortraitUpsideDown UIInterfaceOrientationLandscapeLeft UIInterfaceOrientationLandscapeRight";
				INFOPLIST_KEY_UISupportedInterfaceOrientations_iPhone = "UIInterfaceOrientationPortrait UIInterfaceOrientationLandscapeLeft UIInterfaceOrientationLandscapeRight";
				LD_RUNPATH_SEARCH_PATHS = (
					"$(inherited)",
					"@executable_path/Frameworks",
				);
				MARKETING_VERSION = 1.0;
				PRODUCT_BUNDLE_IDENTIFIER = FirstProject.HealthKitParaAprenderSegundaTentativa;
				PRODUCT_NAME = "$(TARGET_NAME)";
				SWIFT_EMIT_LOC_STRINGS = YES;
				SWIFT_VERSION = 5.0;
				TARGETED_DEVICE_FAMILY = "1,2";
			};
			name = Debug;
		};
		AF5E9A442BF28E25008AA3DA /* Release */ = {
			isa = XCBuildConfiguration;
			buildSettings = {
				ASSETCATALOG_COMPILER_APPICON_NAME = AppIcon;
				ASSETCATALOG_COMPILER_GLOBAL_ACCENT_COLOR_NAME = AccentColor;
				CODE_SIGN_ENTITLEMENTS = HealthKitParaAprenderSegundaTentativa/HealthKitParaAprenderSegundaTentativa.entitlements;
				CODE_SIGN_STYLE = Automatic;
				CURRENT_PROJECT_VERSION = 1;
				DEVELOPMENT_ASSET_PATHS = "\"HealthKitParaAprenderSegundaTentativa/Preview Content\"";
				DEVELOPMENT_TEAM = 5Y55P884H9;
				ENABLE_PREVIEWS = YES;
				GENERATE_INFOPLIST_FILE = YES;
				INFOPLIST_KEY_NSHealthClinicalHealthRecordsShareUsageDescription = "Deixa usar o healthkit";
				INFOPLIST_KEY_NSHealthShareUsageDescription = "deixa compartilhar o healthkit  fazv or";
				INFOPLIST_KEY_UIApplicationSceneManifest_Generation = YES;
				INFOPLIST_KEY_UIApplicationSupportsIndirectInputEvents = YES;
				INFOPLIST_KEY_UILaunchScreen_Generation = YES;
				INFOPLIST_KEY_UISupportedInterfaceOrientations_iPad = "UIInterfaceOrientationPortrait UIInterfaceOrientationPortraitUpsideDown UIInterfaceOrientationLandscapeLeft UIInterfaceOrientationLandscapeRight";
				INFOPLIST_KEY_UISupportedInterfaceOrientations_iPhone = "UIInterfaceOrientationPortrait UIInterfaceOrientationLandscapeLeft UIInterfaceOrientationLandscapeRight";
				LD_RUNPATH_SEARCH_PATHS = (
					"$(inherited)",
					"@executable_path/Frameworks",
				);
				MARKETING_VERSION = 1.0;
				PRODUCT_BUNDLE_IDENTIFIER = FirstProject.HealthKitParaAprenderSegundaTentativa;
				PRODUCT_NAME = "$(TARGET_NAME)";
				SWIFT_EMIT_LOC_STRINGS = YES;
				SWIFT_VERSION = 5.0;
				TARGETED_DEVICE_FAMILY = "1,2";
			};
			name = Release;
		};
/* End XCBuildConfiguration section */

/* Begin XCConfigurationList section */
		AF5E9A2F2BF28E23008AA3DA /* Build configuration list for PBXProject "HealthKitParaAprenderSegundaTentativa" */ = {
			isa = XCConfigurationList;
			buildConfigurations = (
				AF5E9A402BF28E25008AA3DA /* Debug */,
				AF5E9A412BF28E25008AA3DA /* Release */,
			);
			defaultConfigurationIsVisible = 0;
			defaultConfigurationName = Release;
		};
		AF5E9A422BF28E25008AA3DA /* Build configuration list for PBXNativeTarget "HealthKitParaAprenderSegundaTentativa" */ = {
			isa = XCConfigurationList;
			buildConfigurations = (
				AF5E9A432BF28E25008AA3DA /* Debug */,
				AF5E9A442BF28E25008AA3DA /* Release */,
			);
			defaultConfigurationIsVisible = 0;
			defaultConfigurationName = Release;
		};
/* End XCConfigurationList section */
	};
	rootObject = AF5E9A2C2BF28E23008AA3DA /* Project object */;
}
