// !$*UTF8*$!
{
	archiveVersion = 1;
	classes = {
	};
	objectVersion = 56;
	objects = {

/* Begin PBXBuildFile section */
		AF4C5E4D2BE5101C00F62CE2 /* testeWatchOS Watch App.app in Embed Watch Content */ = {isa = PBXBuildFile; fileRef = AF4C5E4C2BE5101C00F62CE2 /* testeWatchOS Watch App.app */; settings = {ATTRIBUTES = (RemoveHeadersOnCopy, ); }; };
		AF4C5E522BE5101C00F62CE2 /* testeWatchOSApp.swift in Sources */ = {isa = PBXBuildFile; fileRef = AF4C5E512BE5101C00F62CE2 /* testeWatchOSApp.swift */; };
		AF4C5E542BE5101C00F62CE2 /* ContentView.swift in Sources */ = {isa = PBXBuildFile; fileRef = AF4C5E532BE5101C00F62CE2 /* ContentView.swift */; };
		AF4C5E562BE5101E00F62CE2 /* Assets.xcassets in Resources */ = {isa = PBXBuildFile; fileRef = AF4C5E552BE5101E00F62CE2 /* Assets.xcassets */; };
		AF4C5E592BE5101E00F62CE2 /* Preview Assets.xcassets in Resources */ = {isa = PBXBuildFile; fileRef = AF4C5E582BE5101E00F62CE2 /* Preview Assets.xcassets */; };
/* End PBXBuildFile section */

/* Begin PBXContainerItemProxy section */
		AF4C5E4E2BE5101C00F62CE2 /* PBXContainerItemProxy */ = {
			isa = PBXContainerItemProxy;
			containerPortal = AF4C5E402BE5101B00F62CE2 /* Project object */;
			proxyType = 1;
			remoteGlobalIDString = AF4C5E4B2BE5101B00F62CE2;
			remoteInfo = "testeWatchOS Watch App";
		};
/* End PBXContainerItemProxy section */

/* Begin PBXCopyFilesBuildPhase section */
		AF4C5E5F2BE5101E00F62CE2 /* Embed Watch Content */ = {
			isa = PBXCopyFilesBuildPhase;
			buildActionMask = 2147483647;
			dstPath = "$(CONTENTS_FOLDER_PATH)/Watch";
			dstSubfolderSpec = 16;
			files = (
				AF4C5E4D2BE5101C00F62CE2 /* testeWatchOS Watch App.app in Embed Watch Content */,
			);
			name = "Embed Watch Content";
			runOnlyForDeploymentPostprocessing = 0;
		};
/* End PBXCopyFilesBuildPhase section */

/* Begin PBXFileReference section */
		AF4C5E462BE5101B00F62CE2 /* testeWatchOS.app */ = {isa = PBXFileReference; explicitFileType = wrapper.application; includeInIndex = 0; path = testeWatchOS.app; sourceTree = BUILT_PRODUCTS_DIR; };
		AF4C5E4C2BE5101C00F62CE2 /* testeWatchOS Watch App.app */ = {isa = PBXFileReference; explicitFileType = wrapper.application; includeInIndex = 0; path = "testeWatchOS Watch App.app"; sourceTree = BUILT_PRODUCTS_DIR; };
		AF4C5E512BE5101C00F62CE2 /* testeWatchOSApp.swift */ = {isa = PBXFileReference; lastKnownFileType = sourcecode.swift; path = testeWatchOSApp.swift; sourceTree = "<group>"; };
		AF4C5E532BE5101C00F62CE2 /* ContentView.swift */ = {isa = PBXFileReference; lastKnownFileType = sourcecode.swift; path = ContentView.swift; sourceTree = "<group>"; };
		AF4C5E552BE5101E00F62CE2 /* Assets.xcassets */ = {isa = PBXFileReference; lastKnownFileType = folder.assetcatalog; path = Assets.xcassets; sourceTree = "<group>"; };
		AF4C5E582BE5101E00F62CE2 /* Preview Assets.xcassets */ = {isa = PBXFileReference; lastKnownFileType = folder.assetcatalog; path = "Preview Assets.xcassets"; sourceTree = "<group>"; };
/* End PBXFileReference section */

/* Begin PBXFrameworksBuildPhase section */
		AF4C5E492BE5101B00F62CE2 /* Frameworks */ = {
			isa = PBXFrameworksBuildPhase;
			buildActionMask = 2147483647;
			files = (
			);
			runOnlyForDeploymentPostprocessing = 0;
		};
/* End PBXFrameworksBuildPhase section */

/* Begin PBXGroup section */
		AF4C5E3F2BE5101B00F62CE2 = {
			isa = PBXGroup;
			children = (
				AF4C5E502BE5101C00F62CE2 /* testeWatchOS Watch App */,
				AF4C5E472BE5101B00F62CE2 /* Products */,
			);
			sourceTree = "<group>";
		};
		AF4C5E472BE5101B00F62CE2 /* Products */ = {
			isa = PBXGroup;
			children = (
				AF4C5E462BE5101B00F62CE2 /* testeWatchOS.app */,
				AF4C5E4C2BE5101C00F62CE2 /* testeWatchOS Watch App.app */,
			);
			name = Products;
			sourceTree = "<group>";
		};
		AF4C5E502BE5101C00F62CE2 /* testeWatchOS Watch App */ = {
			isa = PBXGroup;
			children = (
				AF4C5E512BE5101C00F62CE2 /* testeWatchOSApp.swift */,
				AF4C5E532BE5101C00F62CE2 /* ContentView.swift */,
				AF4C5E552BE5101E00F62CE2 /* Assets.xcassets */,
				AF4C5E572BE5101E00F62CE2 /* Preview Content */,
			);
			path = "testeWatchOS Watch App";
			sourceTree = "<group>";
		};
		AF4C5E572BE5101E00F62CE2 /* Preview Content */ = {
			isa = PBXGroup;
			children = (
				AF4C5E582BE5101E00F62CE2 /* Preview Assets.xcassets */,
			);
			path = "Preview Content";
			sourceTree = "<group>";
		};
/* End PBXGroup section */

/* Begin PBXNativeTarget section */
		AF4C5E452BE5101B00F62CE2 /* testeWatchOS */ = {
			isa = PBXNativeTarget;
			buildConfigurationList = AF4C5E602BE5101E00F62CE2 /* Build configuration list for PBXNativeTarget "testeWatchOS" */;
			buildPhases = (
				AF4C5E442BE5101B00F62CE2 /* Resources */,
				AF4C5E5F2BE5101E00F62CE2 /* Embed Watch Content */,
			);
			buildRules = (
			);
			dependencies = (
				AF4C5E4F2BE5101C00F62CE2 /* PBXTargetDependency */,
			);
			name = testeWatchOS;
			productName = testeWatchOS;
			productReference = AF4C5E462BE5101B00F62CE2 /* testeWatchOS.app */;
			productType = "com.apple.product-type.application.watchapp2-container";
		};
		AF4C5E4B2BE5101B00F62CE2 /* testeWatchOS Watch App */ = {
			isa = PBXNativeTarget;
			buildConfigurationList = AF4C5E5C2BE5101E00F62CE2 /* Build configuration list for PBXNativeTarget "testeWatchOS Watch App" */;
			buildPhases = (
				AF4C5E482BE5101B00F62CE2 /* Sources */,
				AF4C5E492BE5101B00F62CE2 /* Frameworks */,
				AF4C5E4A2BE5101B00F62CE2 /* Resources */,
			);
			buildRules = (
			);
			dependencies = (
			);
			name = "testeWatchOS Watch App";
			productName = "testeWatchOS Watch App";
			productReference = AF4C5E4C2BE5101C00F62CE2 /* testeWatchOS Watch App.app */;
			productType = "com.apple.product-type.application";
		};
/* End PBXNativeTarget section */

/* Begin PBXProject section */
		AF4C5E402BE5101B00F62CE2 /* Project object */ = {
			isa = PBXProject;
			attributes = {
				BuildIndependentTargetsInParallel = 1;
				LastSwiftUpdateCheck = 1530;
				LastUpgradeCheck = 1530;
				TargetAttributes = {
					AF4C5E452BE5101B00F62CE2 = {
						CreatedOnToolsVersion = 15.3;
					};
					AF4C5E4B2BE5101B00F62CE2 = {
						CreatedOnToolsVersion = 15.3;
					};
				};
			};
			buildConfigurationList = AF4C5E432BE5101B00F62CE2 /* Build configuration list for PBXProject "testeWatchOS" */;
			compatibilityVersion = "Xcode 14.0";
			developmentRegion = en;
			hasScannedForEncodings = 0;
			knownRegions = (
				en,
				Base,
			);
			mainGroup = AF4C5E3F2BE5101B00F62CE2;
			productRefGroup = AF4C5E472BE5101B00F62CE2 /* Products */;
			projectDirPath = "";
			projectRoot = "";
			targets = (
				AF4C5E452BE5101B00F62CE2 /* testeWatchOS */,
				AF4C5E4B2BE5101B00F62CE2 /* testeWatchOS Watch App */,
			);
		};
/* End PBXProject section */

/* Begin PBXResourcesBuildPhase section */
		AF4C5E442BE5101B00F62CE2 /* Resources */ = {
			isa = PBXResourcesBuildPhase;
			buildActionMask = 2147483647;
			files = (
			);
			runOnlyForDeploymentPostprocessing = 0;
		};
		AF4C5E4A2BE5101B00F62CE2 /* Resources */ = {
			isa = PBXResourcesBuildPhase;
			buildActionMask = 2147483647;
			files = (
				AF4C5E592BE5101E00F62CE2 /* Preview Assets.xcassets in Resources */,
				AF4C5E562BE5101E00F62CE2 /* Assets.xcassets in Resources */,
			);
			runOnlyForDeploymentPostprocessing = 0;
		};
/* End PBXResourcesBuildPhase section */

/* Begin PBXSourcesBuildPhase section */
		AF4C5E482BE5101B00F62CE2 /* Sources */ = {
			isa = PBXSourcesBuildPhase;
			buildActionMask = 2147483647;
			files = (
				AF4C5E542BE5101C00F62CE2 /* ContentView.swift in Sources */,
				AF4C5E522BE5101C00F62CE2 /* testeWatchOSApp.swift in Sources */,
			);
			runOnlyForDeploymentPostprocessing = 0;
		};
/* End PBXSourcesBuildPhase section */

/* Begin PBXTargetDependency section */
		AF4C5E4F2BE5101C00F62CE2 /* PBXTargetDependency */ = {
			isa = PBXTargetDependency;
			target = AF4C5E4B2BE5101B00F62CE2 /* testeWatchOS Watch App */;
			targetProxy = AF4C5E4E2BE5101C00F62CE2 /* PBXContainerItemProxy */;
		};
/* End PBXTargetDependency section */

/* Begin XCBuildConfiguration section */
		AF4C5E5A2BE5101E00F62CE2 /* Debug */ = {
			isa = XCBuildConfiguration;
			buildSettings = {
				ALWAYS_SEARCH_USER_PATHS = NO;
				ASSETCATALOG_COMPILER_GENERATE_SWIFT_ASSET_SYMBOL_EXTENSIONS = YES;
				CLANG_ANALYZER_NONNULL = YES;
				CLANG_ANALYZER_NUMBER_OBJECT_CONVERSION = YES_AGGRESSIVE;
				CLANG_CXX_LANGUAGE_STANDARD = "gnu++20";
				CLANG_ENABLE_MODULES = YES;
				CLANG_ENABLE_OBJC_ARC = YES;
				CLANG_ENABLE_OBJC_WEAK = YES;
				CLANG_WARN_BLOCK_CAPTURE_AUTORELEASING = YES;
				CLANG_WARN_BOOL_CONVERSION = YES;
				CLANG_WARN_COMMA = YES;
				CLANG_WARN_CONSTANT_CONVERSION = YES;
				CLANG_WARN_DEPRECATED_OBJC_IMPLEMENTATIONS = YES;
				CLANG_WARN_DIRECT_OBJC_ISA_USAGE = YES_ERROR;
				CLANG_WARN_DOCUMENTATION_COMMENTS = YES;
				CLANG_WARN_EMPTY_BODY = YES;
				CLANG_WARN_ENUM_CONVERSION = YES;
				CLANG_WARN_INFINITE_RECURSION = YES;
				CLANG_WARN_INT_CONVERSION = YES;
				CLANG_WARN_NON_LITERAL_NULL_CONVERSION = YES;
				CLANG_WARN_OBJC_IMPLICIT_RETAIN_SELF = YES;
				CLANG_WARN_OBJC_LITERAL_CONVERSION = YES;
				CLANG_WARN_OBJC_ROOT_CLASS = YES_ERROR;
				CLANG_WARN_QUOTED_INCLUDE_IN_FRAMEWORK_HEADER = YES;
				CLANG_WARN_RANGE_LOOP_ANALYSIS = YES;
				CLANG_WARN_STRICT_PROTOTYPES = YES;
				CLANG_WARN_SUSPICIOUS_MOVE = YES;
				CLANG_WARN_UNGUARDED_AVAILABILITY = YES_AGGRESSIVE;
				CLANG_WARN_UNREACHABLE_CODE = YES;
				CLANG_WARN__DUPLICATE_METHOD_MATCH = YES;
				COPY_PHASE_STRIP = NO;
				DEBUG_INFORMATION_FORMAT = dwarf;
				ENABLE_STRICT_OBJC_MSGSEND = YES;
				ENABLE_TESTABILITY = YES;
				ENABLE_USER_SCRIPT_SANDBOXING = YES;
				GCC_C_LANGUAGE_STANDARD = gnu17;
				GCC_DYNAMIC_NO_PIC = NO;
				GCC_NO_COMMON_BLOCKS = YES;
				GCC_OPTIMIZATION_LEVEL = 0;
				GCC_PREPROCESSOR_DEFINITIONS = (
					"DEBUG=1",
					"$(inherited)",
				);
				GCC_WARN_64_TO_32_BIT_CONVERSION = YES;
				GCC_WARN_ABOUT_RETURN_TYPE = YES_ERROR;
				GCC_WARN_UNDECLARED_SELECTOR = YES;
				GCC_WARN_UNINITIALIZED_AUTOS = YES_AGGRESSIVE;
				GCC_WARN_UNUSED_FUNCTION = YES;
				GCC_WARN_UNUSED_VARIABLE = YES;
				LOCALIZATION_PREFERS_STRING_CATALOGS = YES;
				MTL_ENABLE_DEBUG_INFO = INCLUDE_SOURCE;
				MTL_FAST_MATH = YES;
				ONLY_ACTIVE_ARCH = YES;
				SWIFT_ACTIVE_COMPILATION_CONDITIONS = "DEBUG $(inherited)";
				SWIFT_OPTIMIZATION_LEVEL = "-Onone";
			};
			name = Debug;
		};
		AF4C5E5B2BE5101E00F62CE2 /* Release */ = {
			isa = XCBuildConfiguration;
			buildSettings = {
				ALWAYS_SEARCH_USER_PATHS = NO;
				ASSETCATALOG_COMPILER_GENERATE_SWIFT_ASSET_SYMBOL_EXTENSIONS = YES;
				CLANG_ANALYZER_NONNULL = YES;
				CLANG_ANALYZER_NUMBER_OBJECT_CONVERSION = YES_AGGRESSIVE;
				CLANG_CXX_LANGUAGE_STANDARD = "gnu++20";
				CLANG_ENABLE_MODULES = YES;
				CLANG_ENABLE_OBJC_ARC = YES;
				CLANG_ENABLE_OBJC_WEAK = YES;
				CLANG_WARN_BLOCK_CAPTURE_AUTORELEASING = YES;
				CLANG_WARN_BOOL_CONVERSION = YES;
				CLANG_WARN_COMMA = YES;
				CLANG_WARN_CONSTANT_CONVERSION = YES;
				CLANG_WARN_DEPRECATED_OBJC_IMPLEMENTATIONS = YES;
				CLANG_WARN_DIRECT_OBJC_ISA_USAGE = YES_ERROR;
				CLANG_WARN_DOCUMENTATION_COMMENTS = YES;
				CLANG_WARN_EMPTY_BODY = YES;
				CLANG_WARN_ENUM_CONVERSION = YES;
				CLANG_WARN_INFINITE_RECURSION = YES;
				CLANG_WARN_INT_CONVERSION = YES;
				CLANG_WARN_NON_LITERAL_NULL_CONVERSION = YES;
				CLANG_WARN_OBJC_IMPLICIT_RETAIN_SELF = YES;
				CLANG_WARN_OBJC_LITERAL_CONVERSION = YES;
				CLANG_WARN_OBJC_ROOT_CLASS = YES_ERROR;
				CLANG_WARN_QUOTED_INCLUDE_IN_FRAMEWORK_HEADER = YES;
				CLANG_WARN_RANGE_LOOP_ANALYSIS = YES;
				CLANG_WARN_STRICT_PROTOTYPES = YES;
				CLANG_WARN_SUSPICIOUS_MOVE = YES;
				CLANG_WARN_UNGUARDED_AVAILABILITY = YES_AGGRESSIVE;
				CLANG_WARN_UNREACHABLE_CODE = YES;
				CLANG_WARN__DUPLICATE_METHOD_MATCH = YES;
				COPY_PHASE_STRIP = NO;
				DEBUG_INFORMATION_FORMAT = "dwarf-with-dsym";
				ENABLE_NS_ASSERTIONS = NO;
				ENABLE_STRICT_OBJC_MSGSEND = YES;
				ENABLE_USER_SCRIPT_SANDBOXING = YES;
				GCC_C_LANGUAGE_STANDARD = gnu17;
				GCC_NO_COMMON_BLOCKS = YES;
				GCC_WARN_64_TO_32_BIT_CONVERSION = YES;
				GCC_WARN_ABOUT_RETURN_TYPE = YES_ERROR;
				GCC_WARN_UNDECLARED_SELECTOR = YES;
				GCC_WARN_UNINITIALIZED_AUTOS = YES_AGGRESSIVE;
				GCC_WARN_UNUSED_FUNCTION = YES;
				GCC_WARN_UNUSED_VARIABLE = YES;
				LOCALIZATION_PREFERS_STRING_CATALOGS = YES;
				MTL_ENABLE_DEBUG_INFO = NO;
				MTL_FAST_MATH = YES;
				SWIFT_COMPILATION_MODE = wholemodule;
			};
			name = Release;
		};
		AF4C5E5D2BE5101E00F62CE2 /* Debug */ = {
			isa = XCBuildConfiguration;
			buildSettings = {
				ASSETCATALOG_COMPILER_APPICON_NAME = AppIcon;
				ASSETCATALOG_COMPILER_GLOBAL_ACCENT_COLOR_NAME = AccentColor;
				CODE_SIGN_STYLE = Automatic;
				CURRENT_PROJECT_VERSION = 1;
				DEVELOPMENT_ASSET_PATHS = "\"testeWatchOS Watch App/Preview Content\"";
				DEVELOPMENT_TEAM = 5Y55P884H9;
				ENABLE_PREVIEWS = YES;
				GENERATE_INFOPLIST_FILE = YES;
				INFOPLIST_KEY_CFBundleDisplayName = testeWatchOS;
				INFOPLIST_KEY_UISupportedInterfaceOrientations = "UIInterfaceOrientationPortrait UIInterfaceOrientationPortraitUpsideDown";
				INFOPLIST_KEY_WKWatchOnly = YES;
				LD_RUNPATH_SEARCH_PATHS = (
					"$(inherited)",
					"@executable_path/Frameworks",
				);
				MARKETING_VERSION = 1.0;
				PRODUCT_BUNDLE_IDENTIFIER = FirstProject.testeWatchOS.watchkitapp;
				PRODUCT_NAME = "$(TARGET_NAME)";
				SDKROOT = watchos;
				SKIP_INSTALL = YES;
				SWIFT_EMIT_LOC_STRINGS = YES;
				SWIFT_VERSION = 5.0;
				TARGETED_DEVICE_FAMILY = 4;
				WATCHOS_DEPLOYMENT_TARGET = 10.4;
			};
			name = Debug;
		};
		AF4C5E5E2BE5101E00F62CE2 /* Release */ = {
			isa = XCBuildConfiguration;
			buildSettings = {
				ASSETCATALOG_COMPILER_APPICON_NAME = AppIcon;
				ASSETCATALOG_COMPILER_GLOBAL_ACCENT_COLOR_NAME = AccentColor;
				CODE_SIGN_STYLE = Automatic;
				CURRENT_PROJECT_VERSION = 1;
				DEVELOPMENT_ASSET_PATHS = "\"testeWatchOS Watch App/Preview Content\"";
				DEVELOPMENT_TEAM = 5Y55P884H9;
				ENABLE_PREVIEWS = YES;
				GENERATE_INFOPLIST_FILE = YES;
				INFOPLIST_KEY_CFBundleDisplayName = testeWatchOS;
				INFOPLIST_KEY_UISupportedInterfaceOrientations = "UIInterfaceOrientationPortrait UIInterfaceOrientationPortraitUpsideDown";
				INFOPLIST_KEY_WKWatchOnly = YES;
				LD_RUNPATH_SEARCH_PATHS = (
					"$(inherited)",
					"@executable_path/Frameworks",
				);
				MARKETING_VERSION = 1.0;
				PRODUCT_BUNDLE_IDENTIFIER = FirstProject.testeWatchOS.watchkitapp;
				PRODUCT_NAME = "$(TARGET_NAME)";
				SDKROOT = watchos;
				SKIP_INSTALL = YES;
				SWIFT_EMIT_LOC_STRINGS = YES;
				SWIFT_VERSION = 5.0;
				TARGETED_DEVICE_FAMILY = 4;
				VALIDATE_PRODUCT = YES;
				WATCHOS_DEPLOYMENT_TARGET = 10.4;
			};
			name = Release;
		};
		AF4C5E612BE5101E00F62CE2 /* Debug */ = {
			isa = XCBuildConfiguration;
			buildSettings = {
				ALWAYS_EMBED_SWIFT_STANDARD_LIBRARIES = YES;
				CODE_SIGN_STYLE = Automatic;
				CURRENT_PROJECT_VERSION = 1;
				DEVELOPMENT_TEAM = 5Y55P884H9;
				INFOPLIST_KEY_CFBundleDisplayName = testeWatchOS;
				MARKETING_VERSION = 1.0;
				PRODUCT_BUNDLE_IDENTIFIER = FirstProject.testeWatchOS;
				PRODUCT_NAME = "$(TARGET_NAME)";
				SDKROOT = iphoneos;
				SWIFT_VERSION = 5.0;
			};
			name = Debug;
		};
		AF4C5E622BE5101E00F62CE2 /* Release */ = {
			isa = XCBuildConfiguration;
			buildSettings = {
				ALWAYS_EMBED_SWIFT_STANDARD_LIBRARIES = YES;
				CODE_SIGN_STYLE = Automatic;
				CURRENT_PROJECT_VERSION = 1;
				DEVELOPMENT_TEAM = 5Y55P884H9;
				INFOPLIST_KEY_CFBundleDisplayName = testeWatchOS;
				MARKETING_VERSION = 1.0;
				PRODUCT_BUNDLE_IDENTIFIER = FirstProject.testeWatchOS;
				PRODUCT_NAME = "$(TARGET_NAME)";
				SDKROOT = iphoneos;
				SWIFT_VERSION = 5.0;
				VALIDATE_PRODUCT = YES;
			};
			name = Release;
		};
/* End XCBuildConfiguration section */

/* Begin XCConfigurationList section */
		AF4C5E432BE5101B00F62CE2 /* Build configuration list for PBXProject "testeWatchOS" */ = {
			isa = XCConfigurationList;
			buildConfigurations = (
				AF4C5E5A2BE5101E00F62CE2 /* Debug */,
				AF4C5E5B2BE5101E00F62CE2 /* Release */,
			);
			defaultConfigurationIsVisible = 0;
			defaultConfigurationName = Release;
		};
		AF4C5E5C2BE5101E00F62CE2 /* Build configuration list for PBXNativeTarget "testeWatchOS Watch App" */ = {
			isa = XCConfigurationList;
			buildConfigurations = (
				AF4C5E5D2BE5101E00F62CE2 /* Debug */,
				AF4C5E5E2BE5101E00F62CE2 /* Release */,
			);
			defaultConfigurationIsVisible = 0;
			defaultConfigurationName = Release;
		};
		AF4C5E602BE5101E00F62CE2 /* Build configuration list for PBXNativeTarget "testeWatchOS" */ = {
			isa = XCConfigurationList;
			buildConfigurations = (
				AF4C5E612BE5101E00F62CE2 /* Debug */,
				AF4C5E622BE5101E00F62CE2 /* Release */,
			);
			defaultConfigurationIsVisible = 0;
			defaultConfigurationName = Release;
		};
/* End XCConfigurationList section */
	};
	rootObject = AF4C5E402BE5101B00F62CE2 /* Project object */;
}
