// !$*UTF8*$!
{
	archiveVersion = 1;
	classes = {
	};
	objectVersion = 56;
	objects = {

/* Begin PBXBuildFile section */
		AF31DE262BAE027E0049B623 /* Grid.swift in Sources */ = {isa = PBXBuildFile; fileRef = AF31DE252BAE027E0049B623 /* Grid.swift */; };
		AF9FB6172B8FA10B00DC1CD2 /* LaboratoryApp.swift in Sources */ = {isa = PBXBuildFile; fileRef = AF9FB6162B8FA10B00DC1CD2 /* LaboratoryApp.swift */; };
		AF9FB6192B8FA10B00DC1CD2 /* ContentView.swift in Sources */ = {isa = PBXBuildFile; fileRef = AF9FB6182B8FA10B00DC1CD2 /* ContentView.swift */; };
		AF9FB61B2B8FA10C00DC1CD2 /* Assets.xcassets in Resources */ = {isa = PBXBuildFile; fileRef = AF9FB61A2B8FA10C00DC1CD2 /* Assets.xcassets */; };
		AF9FB61F2B8FA10C00DC1CD2 /* Preview Assets.xcassets in Resources */ = {isa = PBXBuildFile; fileRef = AF9FB61E2B8FA10C00DC1CD2 /* Preview Assets.xcassets */; };
		AF9FB6272B8FA18E00DC1CD2 /* Basics.swift in Sources */ = {isa = PBXBuildFile; fileRef = AF9FB6262B8FA18E00DC1CD2 /* Basics.swift */; };
		AFF519532BC8128800C2B1E6 /* GenericsBootcamp.swift in Sources */ = {isa = PBXBuildFile; fileRef = AFF519522BC8128800C2B1E6 /* GenericsBootcamp.swift */; };
/* End PBXBuildFile section */

/* Begin PBXFileReference section */
		AF31DE252BAE027E0049B623 /* Grid.swift */ = {isa = PBXFileReference; lastKnownFileType = sourcecode.swift; path = Grid.swift; sourceTree = "<group>"; };
		AF9FB6132B8FA10B00DC1CD2 /* Laboratory.app */ = {isa = PBXFileReference; explicitFileType = wrapper.application; includeInIndex = 0; path = Laboratory.app; sourceTree = BUILT_PRODUCTS_DIR; };
		AF9FB6162B8FA10B00DC1CD2 /* LaboratoryApp.swift */ = {isa = PBXFileReference; lastKnownFileType = sourcecode.swift; path = LaboratoryApp.swift; sourceTree = "<group>"; };
		AF9FB6182B8FA10B00DC1CD2 /* ContentView.swift */ = {isa = PBXFileReference; lastKnownFileType = sourcecode.swift; path = ContentView.swift; sourceTree = "<group>"; };
		AF9FB61A2B8FA10C00DC1CD2 /* Assets.xcassets */ = {isa = PBXFileReference; lastKnownFileType = folder.assetcatalog; path = Assets.xcassets; sourceTree = "<group>"; };
		AF9FB61C2B8FA10C00DC1CD2 /* Laboratory.entitlements */ = {isa = PBXFileReference; lastKnownFileType = text.plist.entitlements; path = Laboratory.entitlements; sourceTree = "<group>"; };
		AF9FB61E2B8FA10C00DC1CD2 /* Preview Assets.xcassets */ = {isa = PBXFileReference; lastKnownFileType = folder.assetcatalog; path = "Preview Assets.xcassets"; sourceTree = "<group>"; };
		AF9FB6262B8FA18E00DC1CD2 /* Basics.swift */ = {isa = PBXFileReference; lastKnownFileType = sourcecode.swift; path = Basics.swift; sourceTree = "<group>"; };
		AFF519522BC8128800C2B1E6 /* GenericsBootcamp.swift */ = {isa = PBXFileReference; lastKnownFileType = sourcecode.swift; path = GenericsBootcamp.swift; sourceTree = "<group>"; };
/* End PBXFileReference section */

/* Begin PBXFrameworksBuildPhase section */
		AF9FB6102B8FA10B00DC1CD2 /* Frameworks */ = {
			isa = PBXFrameworksBuildPhase;
			buildActionMask = 2147483647;
			files = (
			);
			runOnlyForDeploymentPostprocessing = 0;
		};
/* End PBXFrameworksBuildPhase section */

/* Begin PBXGroup section */
		AF31DE242BAE02720049B623 /* Grid */ = {
			isa = PBXGroup;
			children = (
				AF31DE252BAE027E0049B623 /* Grid.swift */,
			);
			path = Grid;
			sourceTree = "<group>";
		};
		AF9FB60A2B8FA10B00DC1CD2 = {
			isa = PBXGroup;
			children = (
				AF9FB6152B8FA10B00DC1CD2 /* Laboratory */,
				AF9FB6142B8FA10B00DC1CD2 /* Products */,
			);
			sourceTree = "<group>";
		};
		AF9FB6142B8FA10B00DC1CD2 /* Products */ = {
			isa = PBXGroup;
			children = (
				AF9FB6132B8FA10B00DC1CD2 /* Laboratory.app */,
			);
			name = Products;
			sourceTree = "<group>";
		};
		AF9FB6152B8FA10B00DC1CD2 /* Laboratory */ = {
			isa = PBXGroup;
			children = (
				AFF519512BC8127800C2B1E6 /* GenericsBootcamp */,
				AF31DE242BAE02720049B623 /* Grid */,
				AF9FB6252B8FA15500DC1CD2 /* Charts */,
				AFF519502BC8126600C2B1E6 /* ContentView */,
				AF9FB6162B8FA10B00DC1CD2 /* LaboratoryApp.swift */,
				AF9FB61A2B8FA10C00DC1CD2 /* Assets.xcassets */,
				AF9FB61C2B8FA10C00DC1CD2 /* Laboratory.entitlements */,
				AF9FB61D2B8FA10C00DC1CD2 /* Preview Content */,
			);
			path = Laboratory;
			sourceTree = "<group>";
		};
		AF9FB61D2B8FA10C00DC1CD2 /* Preview Content */ = {
			isa = PBXGroup;
			children = (
				AF9FB61E2B8FA10C00DC1CD2 /* Preview Assets.xcassets */,
			);
			path = "Preview Content";
			sourceTree = "<group>";
		};
		AF9FB6252B8FA15500DC1CD2 /* Charts */ = {
			isa = PBXGroup;
			children = (
				AF9FB6262B8FA18E00DC1CD2 /* Basics.swift */,
			);
			path = Charts;
			sourceTree = "<group>";
		};
		AFF519502BC8126600C2B1E6 /* ContentView */ = {
			isa = PBXGroup;
			children = (
				AF9FB6182B8FA10B00DC1CD2 /* ContentView.swift */,
			);
			path = ContentView;
			sourceTree = "<group>";
		};
		AFF519512BC8127800C2B1E6 /* GenericsBootcamp */ = {
			isa = PBXGroup;
			children = (
				AFF519522BC8128800C2B1E6 /* GenericsBootcamp.swift */,
			);
			path = GenericsBootcamp;
			sourceTree = "<group>";
		};
/* End PBXGroup section */

/* Begin PBXNativeTarget section */
		AF9FB6122B8FA10B00DC1CD2 /* Laboratory */ = {
			isa = PBXNativeTarget;
			buildConfigurationList = AF9FB6222B8FA10C00DC1CD2 /* Build configuration list for PBXNativeTarget "Laboratory" */;
			buildPhases = (
				AF9FB60F2B8FA10B00DC1CD2 /* Sources */,
				AF9FB6102B8FA10B00DC1CD2 /* Frameworks */,
				AF9FB6112B8FA10B00DC1CD2 /* Resources */,
			);
			buildRules = (
			);
			dependencies = (
			);
			name = Laboratory;
			productName = Laboratory;
			productReference = AF9FB6132B8FA10B00DC1CD2 /* Laboratory.app */;
			productType = "com.apple.product-type.application";
		};
/* End PBXNativeTarget section */

/* Begin PBXProject section */
		AF9FB60B2B8FA10B00DC1CD2 /* Project object */ = {
			isa = PBXProject;
			attributes = {
				BuildIndependentTargetsInParallel = 1;
				LastSwiftUpdateCheck = 1500;
				LastUpgradeCheck = 1500;
				TargetAttributes = {
					AF9FB6122B8FA10B00DC1CD2 = {
						CreatedOnToolsVersion = 15.0;
					};
				};
			};
			buildConfigurationList = AF9FB60E2B8FA10B00DC1CD2 /* Build configuration list for PBXProject "Laboratory" */;
			compatibilityVersion = "Xcode 14.0";
			developmentRegion = en;
			hasScannedForEncodings = 0;
			knownRegions = (
				en,
				Base,
			);
			mainGroup = AF9FB60A2B8FA10B00DC1CD2;
			productRefGroup = AF9FB6142B8FA10B00DC1CD2 /* Products */;
			projectDirPath = "";
			projectRoot = "";
			targets = (
				AF9FB6122B8FA10B00DC1CD2 /* Laboratory */,
			);
		};
/* End PBXProject section */

/* Begin PBXResourcesBuildPhase section */
		AF9FB6112B8FA10B00DC1CD2 /* Resources */ = {
			isa = PBXResourcesBuildPhase;
			buildActionMask = 2147483647;
			files = (
				AF9FB61F2B8FA10C00DC1CD2 /* Preview Assets.xcassets in Resources */,
				AF9FB61B2B8FA10C00DC1CD2 /* Assets.xcassets in Resources */,
			);
			runOnlyForDeploymentPostprocessing = 0;
		};
/* End PBXResourcesBuildPhase section */

/* Begin PBXSourcesBuildPhase section */
		AF9FB60F2B8FA10B00DC1CD2 /* Sources */ = {
			isa = PBXSourcesBuildPhase;
			buildActionMask = 2147483647;
			files = (
				AF9FB6272B8FA18E00DC1CD2 /* Basics.swift in Sources */,
				AF9FB6192B8FA10B00DC1CD2 /* ContentView.swift in Sources */,
				AF9FB6172B8FA10B00DC1CD2 /* LaboratoryApp.swift in Sources */,
				AFF519532BC8128800C2B1E6 /* GenericsBootcamp.swift in Sources */,
				AF31DE262BAE027E0049B623 /* Grid.swift in Sources */,
			);
			runOnlyForDeploymentPostprocessing = 0;
		};
/* End PBXSourcesBuildPhase section */

/* Begin XCBuildConfiguration section */
		AF9FB6202B8FA10C00DC1CD2 /* Debug */ = {
			isa = XCBuildConfiguration;
			buildSettings = {
				ALWAYS_SEARCH_USER_PATHS = NO;
				ASSETCATALOG_COMPILER_GENERATE_SWIFT_ASSET_SYMBOL_EXTENSIONS = YES;
				CLANG_ANALYZER_NONNULL = YES;
				CLANG_ANALYZER_NUMBER_OBJECT_CONVERSION = YES_AGGRESSIVE;
				CLANG_CXX_LANGUAGE_STANDARD = "gnu++20";
				CLANG_ENABLE_MODULES = YES;
				CLANG_ENABLE_OBJC_ARC = YES;
				CLANG_ENABLE_OBJC_WEAK = YES;
				CLANG_WARN_BLOCK_CAPTURE_AUTORELEASING = YES;
				CLANG_WARN_BOOL_CONVERSION = YES;
				CLANG_WARN_COMMA = YES;
				CLANG_WARN_CONSTANT_CONVERSION = YES;
				CLANG_WARN_DEPRECATED_OBJC_IMPLEMENTATIONS = YES;
				CLANG_WARN_DIRECT_OBJC_ISA_USAGE = YES_ERROR;
				CLANG_WARN_DOCUMENTATION_COMMENTS = YES;
				CLANG_WARN_EMPTY_BODY = YES;
				CLANG_WARN_ENUM_CONVERSION = YES;
				CLANG_WARN_INFINITE_RECURSION = YES;
				CLANG_WARN_INT_CONVERSION = YES;
				CLANG_WARN_NON_LITERAL_NULL_CONVERSION = YES;
				CLANG_WARN_OBJC_IMPLICIT_RETAIN_SELF = YES;
				CLANG_WARN_OBJC_LITERAL_CONVERSION = YES;
				CLANG_WARN_OBJC_ROOT_CLASS = YES_ERROR;
				CLANG_WARN_QUOTED_INCLUDE_IN_FRAMEWORK_HEADER = YES;
				CLANG_WARN_RANGE_LOOP_ANALYSIS = YES;
				CLANG_WARN_STRICT_PROTOTYPES = YES;
				CLANG_WARN_SUSPICIOUS_MOVE = YES;
				CLANG_WARN_UNGUARDED_AVAILABILITY = YES_AGGRESSIVE;
				CLANG_WARN_UNREACHABLE_CODE = YES;
				CLANG_WARN__DUPLICATE_METHOD_MATCH = YES;
				COPY_PHASE_STRIP = NO;
				DEBUG_INFORMATION_FORMAT = dwarf;
				ENABLE_STRICT_OBJC_MSGSEND = YES;
				ENABLE_TESTABILITY = YES;
				ENABLE_USER_SCRIPT_SANDBOXING = YES;
				GCC_C_LANGUAGE_STANDARD = gnu17;
				GCC_DYNAMIC_NO_PIC = NO;
				GCC_NO_COMMON_BLOCKS = YES;
				GCC_OPTIMIZATION_LEVEL = 0;
				GCC_PREPROCESSOR_DEFINITIONS = (
					"DEBUG=1",
					"$(inherited)",
				);
				GCC_WARN_64_TO_32_BIT_CONVERSION = YES;
				GCC_WARN_ABOUT_RETURN_TYPE = YES_ERROR;
				GCC_WARN_UNDECLARED_SELECTOR = YES;
				GCC_WARN_UNINITIALIZED_AUTOS = YES_AGGRESSIVE;
				GCC_WARN_UNUSED_FUNCTION = YES;
				GCC_WARN_UNUSED_VARIABLE = YES;
				LOCALIZATION_PREFERS_STRING_CATALOGS = YES;
				MTL_ENABLE_DEBUG_INFO = INCLUDE_SOURCE;
				MTL_FAST_MATH = YES;
				ONLY_ACTIVE_ARCH = YES;
				SWIFT_ACTIVE_COMPILATION_CONDITIONS = "DEBUG $(inherited)";
				SWIFT_OPTIMIZATION_LEVEL = "-Onone";
			};
			name = Debug;
		};
		AF9FB6212B8FA10C00DC1CD2 /* Release */ = {
			isa = XCBuildConfiguration;
			buildSettings = {
				ALWAYS_SEARCH_USER_PATHS = NO;
				ASSETCATALOG_COMPILER_GENERATE_SWIFT_ASSET_SYMBOL_EXTENSIONS = YES;
				CLANG_ANALYZER_NONNULL = YES;
				CLANG_ANALYZER_NUMBER_OBJECT_CONVERSION = YES_AGGRESSIVE;
				CLANG_CXX_LANGUAGE_STANDARD = "gnu++20";
				CLANG_ENABLE_MODULES = YES;
				CLANG_ENABLE_OBJC_ARC = YES;
				CLANG_ENABLE_OBJC_WEAK = YES;
				CLANG_WARN_BLOCK_CAPTURE_AUTORELEASING = YES;
				CLANG_WARN_BOOL_CONVERSION = YES;
				CLANG_WARN_COMMA = YES;
				CLANG_WARN_CONSTANT_CONVERSION = YES;
				CLANG_WARN_DEPRECATED_OBJC_IMPLEMENTATIONS = YES;
				CLANG_WARN_DIRECT_OBJC_ISA_USAGE = YES_ERROR;
				CLANG_WARN_DOCUMENTATION_COMMENTS = YES;
				CLANG_WARN_EMPTY_BODY = YES;
				CLANG_WARN_ENUM_CONVERSION = YES;
				CLANG_WARN_INFINITE_RECURSION = YES;
				CLANG_WARN_INT_CONVERSION = YES;
				CLANG_WARN_NON_LITERAL_NULL_CONVERSION = YES;
				CLANG_WARN_OBJC_IMPLICIT_RETAIN_SELF = YES;
				CLANG_WARN_OBJC_LITERAL_CONVERSION = YES;
				CLANG_WARN_OBJC_ROOT_CLASS = YES_ERROR;
				CLANG_WARN_QUOTED_INCLUDE_IN_FRAMEWORK_HEADER = YES;
				CLANG_WARN_RANGE_LOOP_ANALYSIS = YES;
				CLANG_WARN_STRICT_PROTOTYPES = YES;
				CLANG_WARN_SUSPICIOUS_MOVE = YES;
				CLANG_WARN_UNGUARDED_AVAILABILITY = YES_AGGRESSIVE;
				CLANG_WARN_UNREACHABLE_CODE = YES;
				CLANG_WARN__DUPLICATE_METHOD_MATCH = YES;
				COPY_PHASE_STRIP = NO;
				DEBUG_INFORMATION_FORMAT = "dwarf-with-dsym";
				ENABLE_NS_ASSERTIONS = NO;
				ENABLE_STRICT_OBJC_MSGSEND = YES;
				ENABLE_USER_SCRIPT_SANDBOXING = YES;
				GCC_C_LANGUAGE_STANDARD = gnu17;
				GCC_NO_COMMON_BLOCKS = YES;
				GCC_WARN_64_TO_32_BIT_CONVERSION = YES;
				GCC_WARN_ABOUT_RETURN_TYPE = YES_ERROR;
				GCC_WARN_UNDECLARED_SELECTOR = YES;
				GCC_WARN_UNINITIALIZED_AUTOS = YES_AGGRESSIVE;
				GCC_WARN_UNUSED_FUNCTION = YES;
				GCC_WARN_UNUSED_VARIABLE = YES;
				LOCALIZATION_PREFERS_STRING_CATALOGS = YES;
				MTL_ENABLE_DEBUG_INFO = NO;
				MTL_FAST_MATH = YES;
				SWIFT_COMPILATION_MODE = wholemodule;
			};
			name = Release;
		};
		AF9FB6232B8FA10C00DC1CD2 /* Debug */ = {
			isa = XCBuildConfiguration;
			buildSettings = {
				ASSETCATALOG_COMPILER_APPICON_NAME = AppIcon;
				ASSETCATALOG_COMPILER_GLOBAL_ACCENT_COLOR_NAME = AccentColor;
				CODE_SIGN_ENTITLEMENTS = Laboratory/Laboratory.entitlements;
				CODE_SIGN_STYLE = Automatic;
				CURRENT_PROJECT_VERSION = 1;
				DEVELOPMENT_ASSET_PATHS = "\"Laboratory/Preview Content\"";
				DEVELOPMENT_TEAM = 5Y55P884H9;
				ENABLE_HARDENED_RUNTIME = YES;
				ENABLE_PREVIEWS = YES;
				GENERATE_INFOPLIST_FILE = YES;
				"INFOPLIST_KEY_UIApplicationSceneManifest_Generation[sdk=iphoneos*]" = YES;
				"INFOPLIST_KEY_UIApplicationSceneManifest_Generation[sdk=iphonesimulator*]" = YES;
				"INFOPLIST_KEY_UIApplicationSupportsIndirectInputEvents[sdk=iphoneos*]" = YES;
				"INFOPLIST_KEY_UIApplicationSupportsIndirectInputEvents[sdk=iphonesimulator*]" = YES;
				"INFOPLIST_KEY_UILaunchScreen_Generation[sdk=iphoneos*]" = YES;
				"INFOPLIST_KEY_UILaunchScreen_Generation[sdk=iphonesimulator*]" = YES;
				"INFOPLIST_KEY_UIStatusBarStyle[sdk=iphoneos*]" = UIStatusBarStyleDefault;
				"INFOPLIST_KEY_UIStatusBarStyle[sdk=iphonesimulator*]" = UIStatusBarStyleDefault;
				INFOPLIST_KEY_UISupportedInterfaceOrientations_iPad = "UIInterfaceOrientationPortrait UIInterfaceOrientationPortraitUpsideDown UIInterfaceOrientationLandscapeLeft UIInterfaceOrientationLandscapeRight";
				INFOPLIST_KEY_UISupportedInterfaceOrientations_iPhone = "UIInterfaceOrientationPortrait UIInterfaceOrientationLandscapeLeft UIInterfaceOrientationLandscapeRight";
				IPHONEOS_DEPLOYMENT_TARGET = 17.0;
				LD_RUNPATH_SEARCH_PATHS = "@executable_path/Frameworks";
				"LD_RUNPATH_SEARCH_PATHS[sdk=macosx*]" = "@executable_path/../Frameworks";
				MACOSX_DEPLOYMENT_TARGET = 14.0;
				MARKETING_VERSION = 1.0;
				PRODUCT_BUNDLE_IDENTIFIER = FirstProject.Laboratory;
				PRODUCT_NAME = "$(TARGET_NAME)";
				SDKROOT = auto;
				SUPPORTED_PLATFORMS = "iphoneos iphonesimulator macosx";
				SWIFT_EMIT_LOC_STRINGS = YES;
				SWIFT_VERSION = 5.0;
				TARGETED_DEVICE_FAMILY = "1,2";
			};
			name = Debug;
		};
		AF9FB6242B8FA10C00DC1CD2 /* Release */ = {
			isa = XCBuildConfiguration;
			buildSettings = {
				ASSETCATALOG_COMPILER_APPICON_NAME = AppIcon;
				ASSETCATALOG_COMPILER_GLOBAL_ACCENT_COLOR_NAME = AccentColor;
				CODE_SIGN_ENTITLEMENTS = Laboratory/Laboratory.entitlements;
				CODE_SIGN_STYLE = Automatic;
				CURRENT_PROJECT_VERSION = 1;
				DEVELOPMENT_ASSET_PATHS = "\"Laboratory/Preview Content\"";
				DEVELOPMENT_TEAM = 5Y55P884H9;
				ENABLE_HARDENED_RUNTIME = YES;
				ENABLE_PREVIEWS = YES;
				GENERATE_INFOPLIST_FILE = YES;
				"INFOPLIST_KEY_UIApplicationSceneManifest_Generation[sdk=iphoneos*]" = YES;
				"INFOPLIST_KEY_UIApplicationSceneManifest_Generation[sdk=iphonesimulator*]" = YES;
				"INFOPLIST_KEY_UIApplicationSupportsIndirectInputEvents[sdk=iphoneos*]" = YES;
				"INFOPLIST_KEY_UIApplicationSupportsIndirectInputEvents[sdk=iphonesimulator*]" = YES;
				"INFOPLIST_KEY_UILaunchScreen_Generation[sdk=iphoneos*]" = YES;
				"INFOPLIST_KEY_UILaunchScreen_Generation[sdk=iphonesimulator*]" = YES;
				"INFOPLIST_KEY_UIStatusBarStyle[sdk=iphoneos*]" = UIStatusBarStyleDefault;
				"INFOPLIST_KEY_UIStatusBarStyle[sdk=iphonesimulator*]" = UIStatusBarStyleDefault;
				INFOPLIST_KEY_UISupportedInterfaceOrientations_iPad = "UIInterfaceOrientationPortrait UIInterfaceOrientationPortraitUpsideDown UIInterfaceOrientationLandscapeLeft UIInterfaceOrientationLandscapeRight";
				INFOPLIST_KEY_UISupportedInterfaceOrientations_iPhone = "UIInterfaceOrientationPortrait UIInterfaceOrientationLandscapeLeft UIInterfaceOrientationLandscapeRight";
				IPHONEOS_DEPLOYMENT_TARGET = 17.0;
				LD_RUNPATH_SEARCH_PATHS = "@executable_path/Frameworks";
				"LD_RUNPATH_SEARCH_PATHS[sdk=macosx*]" = "@executable_path/../Frameworks";
				MACOSX_DEPLOYMENT_TARGET = 14.0;
				MARKETING_VERSION = 1.0;
				PRODUCT_BUNDLE_IDENTIFIER = FirstProject.Laboratory;
				PRODUCT_NAME = "$(TARGET_NAME)";
				SDKROOT = auto;
				SUPPORTED_PLATFORMS = "iphoneos iphonesimulator macosx";
				SWIFT_EMIT_LOC_STRINGS = YES;
				SWIFT_VERSION = 5.0;
				TARGETED_DEVICE_FAMILY = "1,2";
			};
			name = Release;
		};
/* End XCBuildConfiguration section */

/* Begin XCConfigurationList section */
		AF9FB60E2B8FA10B00DC1CD2 /* Build configuration list for PBXProject "Laboratory" */ = {
			isa = XCConfigurationList;
			buildConfigurations = (
				AF9FB6202B8FA10C00DC1CD2 /* Debug */,
				AF9FB6212B8FA10C00DC1CD2 /* Release */,
			);
			defaultConfigurationIsVisible = 0;
			defaultConfigurationName = Release;
		};
		AF9FB6222B8FA10C00DC1CD2 /* Build configuration list for PBXNativeTarget "Laboratory" */ = {
			isa = XCConfigurationList;
			buildConfigurations = (
				AF9FB6232B8FA10C00DC1CD2 /* Debug */,
				AF9FB6242B8FA10C00DC1CD2 /* Release */,
			);
			defaultConfigurationIsVisible = 0;
			defaultConfigurationName = Release;
		};
/* End XCConfigurationList section */
	};
	rootObject = AF9FB60B2B8FA10B00DC1CD2 /* Project object */;
}
